{
  "requires": true,
  "lockfileVersion": 1,
  "dependencies": {
    "undercore": {
      "version": "1.0.0",
      "resolved": "https://registry.npmjs.org/undercore/-/undercore-1.0.0.tgz",
      "integrity": "sha512-RguBrIGYtFgfpbQqWFvtURdbkURazypPMQKi/vwAI5d3XDcznpXUwQBRD1qQgEsqSVWwRDwwHtSTZwqxPhB3iA=="
    }
  }
}
